
Microsoft Visual Studio Solution File, Format Version 12.00
# Visual Studio Version 16
VisualStudioVersion = 16.0.30503.244
MinimumVisualStudioVersion = 10.0.40219.1
Project("{FAE04EC0-301F-11D3-BF4B-00C04F79EFBC}") = "RandomCards", "RandomCards\RandomCards.csproj", "{5BA43056-3E99-4CA4-B723-1F955E996BD0}"
EndProject
Global
	GlobalSection(SolutionConfigurationPlatforms) = preSolution
		Debug|Any CPU = Debug|Any CPU
		Release|Any CPU = Release|Any CPU
	EndGlobalSection
	GlobalSection(ProjectConfigurationPlatforms) = postSolution
		{5BA43056-3E99-4CA4-B723-1F955E996BD0}.Debug|Any CPU.ActiveCfg = Debug|Any CPU
		{5BA43056-3E99-4CA4-B723-1F955E996BD0}.Debug|Any CPU.Build.0 = Debug|Any CPU
		{5BA43056-3E99-4CA4-B723-1F955E996BD0}.Release|Any CPU.ActiveCfg = Release|Any CPU
		{5BA43056-3E99-4CA4-B723-1F955E996BD0}.Release|Any CPU.Build.0 = Release|Any CPU
	EndGlobalSection
	GlobalSection(SolutionProperties) = preSolution
		HideSolutionNode = FALSE
	EndGlobalSection
	GlobalSection(ExtensibilityGlobals) = postSolution
		SolutionGuid = {A46E77EE-AF76-4217-A69C-985DAB4C284E}
	EndGlobalSection
EndGlobal
